// !$*UTF8*$!
{
	archiveVersion = 1;
	classes = {
	};
	objectVersion = 55;
	objects = {

/* Begin PBXBuildFile section */
		6C0479E727E81D2800C5E1BF /* AppDelegate.swift in Sources */ = {isa = PBXBuildFile; fileRef = 6C0479E627E81D2800C5E1BF /* AppDelegate.swift */; };
		6C0479E927E81D2800C5E1BF /* SceneDelegate.swift in Sources */ = {isa = PBXBuildFile; fileRef = 6C0479E827E81D2800C5E1BF /* SceneDelegate.swift */; };
		6C0479EB27E81D2800C5E1BF /* ViewController.swift in Sources */ = {isa = PBXBuildFile; fileRef = 6C0479EA27E81D2800C5E1BF /* ViewController.swift */; };
		6C0479EE27E81D2800C5E1BF /* Main.storyboard in Resources */ = {isa = PBXBuildFile; fileRef = 6C0479EC27E81D2800C5E1BF /* Main.storyboard */; };
		6C0479F027E81D2C00C5E1BF /* Assets.xcassets in Resources */ = {isa = PBXBuildFile; fileRef = 6C0479EF27E81D2C00C5E1BF /* Assets.xcassets */; };
		6C0479F327E81D2C00C5E1BF /* LaunchScreen.storyboard in Resources */ = {isa = PBXBuildFile; fileRef = 6C0479F127E81D2C00C5E1BF /* LaunchScreen.storyboard */; };
		6CA30BE227E8AF86005068DB /* CellFactory.swift in Sources */ = {isa = PBXBuildFile; fileRef = 6CA30BE127E8AF86005068DB /* CellFactory.swift */; };
		6CA30BEB27E8B873005068DB /* Converter.swift in Sources */ = {isa = PBXBuildFile; fileRef = 6CA30BEA27E8B873005068DB /* Converter.swift */; };
		B3AEF1ED27E8A14200D279BC /* AlbumCollectionViewCell.swift in Sources */ = {isa = PBXBuildFile; fileRef = B3AEF1EC27E8A14200D279BC /* AlbumCollectionViewCell.swift */; };
		B3AEF1EF27E8A2F600D279BC /* ColorCell.swift in Sources */ = {isa = PBXBuildFile; fileRef = B3AEF1EE27E8A2F600D279BC /* ColorCell.swift */; };
		B3AEF1F127E8A36000D279BC /* Color.swift in Sources */ = {isa = PBXBuildFile; fileRef = B3AEF1F027E8A36000D279BC /* Color.swift */; };
		B3AEF1F327E8A8DC00D279BC /* Cellable.swift in Sources */ = {isa = PBXBuildFile; fileRef = B3AEF1F227E8A8DC00D279BC /* Cellable.swift */; };
		B3AEF1F527E8A99F00D279BC /* CellCollection.swift in Sources */ = {isa = PBXBuildFile; fileRef = B3AEF1F427E8A99F00D279BC /* CellCollection.swift */; };
/* End PBXBuildFile section */

/* Begin PBXFileReference section */
		6C0479E327E81D2800C5E1BF /* PhotoAlbum.app */ = {isa = PBXFileReference; explicitFileType = wrapper.application; includeInIndex = 0; path = PhotoAlbum.app; sourceTree = BUILT_PRODUCTS_DIR; };
		6C0479E627E81D2800C5E1BF /* AppDelegate.swift */ = {isa = PBXFileReference; lastKnownFileType = sourcecode.swift; path = AppDelegate.swift; sourceTree = "<group>"; };
		6C0479E827E81D2800C5E1BF /* SceneDelegate.swift */ = {isa = PBXFileReference; lastKnownFileType = sourcecode.swift; path = SceneDelegate.swift; sourceTree = "<group>"; };
		6C0479EA27E81D2800C5E1BF /* ViewController.swift */ = {isa = PBXFileReference; lastKnownFileType = sourcecode.swift; path = ViewController.swift; sourceTree = "<group>"; };
		6C0479ED27E81D2800C5E1BF /* Base */ = {isa = PBXFileReference; lastKnownFileType = file.storyboard; name = Base; path = Base.lproj/Main.storyboard; sourceTree = "<group>"; };
		6C0479EF27E81D2C00C5E1BF /* Assets.xcassets */ = {isa = PBXFileReference; lastKnownFileType = folder.assetcatalog; path = Assets.xcassets; sourceTree = "<group>"; };
		6C0479F227E81D2C00C5E1BF /* Base */ = {isa = PBXFileReference; lastKnownFileType = file.storyboard; name = Base; path = Base.lproj/LaunchScreen.storyboard; sourceTree = "<group>"; };
		6C0479F427E81D2C00C5E1BF /* Info.plist */ = {isa = PBXFileReference; lastKnownFileType = text.plist.xml; path = Info.plist; sourceTree = "<group>"; };
		6CA30BE127E8AF86005068DB /* CellFactory.swift */ = {isa = PBXFileReference; lastKnownFileType = sourcecode.swift; path = CellFactory.swift; sourceTree = "<group>"; };
		6CA30BEA27E8B873005068DB /* Converter.swift */ = {isa = PBXFileReference; lastKnownFileType = sourcecode.swift; path = Converter.swift; sourceTree = "<group>"; };
		B3AEF1EC27E8A14200D279BC /* AlbumCollectionViewCell.swift */ = {isa = PBXFileReference; lastKnownFileType = sourcecode.swift; path = AlbumCollectionViewCell.swift; sourceTree = "<group>"; };
		B3AEF1EE27E8A2F600D279BC /* ColorCell.swift */ = {isa = PBXFileReference; lastKnownFileType = sourcecode.swift; path = ColorCell.swift; sourceTree = "<group>"; };
		B3AEF1F027E8A36000D279BC /* Color.swift */ = {isa = PBXFileReference; lastKnownFileType = sourcecode.swift; path = Color.swift; sourceTree = "<group>"; };
		B3AEF1F227E8A8DC00D279BC /* Cellable.swift */ = {isa = PBXFileReference; lastKnownFileType = sourcecode.swift; path = Cellable.swift; sourceTree = "<group>"; };
		B3AEF1F427E8A99F00D279BC /* CellCollection.swift */ = {isa = PBXFileReference; lastKnownFileType = sourcecode.swift; path = CellCollection.swift; sourceTree = "<group>"; };
/* End PBXFileReference section */

/* Begin PBXFrameworksBuildPhase section */
		6C0479E027E81D2800C5E1BF /* Frameworks */ = {
			isa = PBXFrameworksBuildPhase;
			buildActionMask = 2147483647;
			files = (
			);
			runOnlyForDeploymentPostprocessing = 0;
		};
/* End PBXFrameworksBuildPhase section */

/* Begin PBXGroup section */
		6C0479DA27E81D2800C5E1BF = {
			isa = PBXGroup;
			children = (
				6C0479E527E81D2800C5E1BF /* PhotoAlbum */,
				6C0479E427E81D2800C5E1BF /* Products */,
			);
			sourceTree = "<group>";
		};
		6C0479E427E81D2800C5E1BF /* Products */ = {
			isa = PBXGroup;
			children = (
				6C0479E327E81D2800C5E1BF /* PhotoAlbum.app */,
			);
			name = Products;
			sourceTree = "<group>";
		};
		6C0479E527E81D2800C5E1BF /* PhotoAlbum */ = {
			isa = PBXGroup;
			children = (
				6C0479E627E81D2800C5E1BF /* AppDelegate.swift */,
				6C0479E827E81D2800C5E1BF /* SceneDelegate.swift */,
				6CA30BE627E8B157005068DB /* VC */,
				6CA30BE427E8B129005068DB /* View */,
				6CA30BE327E8B0E2005068DB /* Model */,
				6CA30BE727E8B1A2005068DB /* Protocol */,
				6CA30BE527E8B144005068DB /* Factory */,
				6C0479EC27E81D2800C5E1BF /* Main.storyboard */,
				6C0479EF27E81D2C00C5E1BF /* Assets.xcassets */,
				6C0479F127E81D2C00C5E1BF /* LaunchScreen.storyboard */,
				6C0479F427E81D2C00C5E1BF /* Info.plist */,
			);
			path = PhotoAlbum;
			sourceTree = "<group>";
		};
		6CA30BE327E8B0E2005068DB /* Model */ = {
			isa = PBXGroup;
			children = (
				B3AEF1EE27E8A2F600D279BC /* ColorCell.swift */,
				B3AEF1F427E8A99F00D279BC /* CellCollection.swift */,
				B3AEF1F027E8A36000D279BC /* Color.swift */,
			);
			path = Model;
			sourceTree = "<group>";
		};
		6CA30BE427E8B129005068DB /* View */ = {
			isa = PBXGroup;
			children = (
				B3AEF1EC27E8A14200D279BC /* AlbumCollectionViewCell.swift */,
			);
			path = View;
			sourceTree = "<group>";
		};
		6CA30BE527E8B144005068DB /* Factory */ = {
			isa = PBXGroup;
			children = (
				6CA30BE127E8AF86005068DB /* CellFactory.swift */,
				6CA30BEA27E8B873005068DB /* Converter.swift */,
			);
			path = Factory;
			sourceTree = "<group>";
		};
		6CA30BE627E8B157005068DB /* VC */ = {
			isa = PBXGroup;
			children = (
				6C0479EA27E81D2800C5E1BF /* ViewController.swift */,
			);
			path = VC;
			sourceTree = "<group>";
		};
		6CA30BE727E8B1A2005068DB /* Protocol */ = {
			isa = PBXGroup;
			children = (
				B3AEF1F227E8A8DC00D279BC /* Cellable.swift */,
			);
			path = Protocol;
			sourceTree = "<group>";
		};
/* End PBXGroup section */

/* Begin PBXNativeTarget section */
		6C0479E227E81D2800C5E1BF /* PhotoAlbum */ = {
			isa = PBXNativeTarget;
			buildConfigurationList = 6C0479F727E81D2C00C5E1BF /* Build configuration list for PBXNativeTarget "PhotoAlbum" */;
			buildPhases = (
				6C0479DF27E81D2800C5E1BF /* Sources */,
				6C0479E027E81D2800C5E1BF /* Frameworks */,
				6C0479E127E81D2800C5E1BF /* Resources */,
			);
			buildRules = (
			);
			dependencies = (
			);
			name = PhotoAlbum;
			productName = PhotoAlbum;
			productReference = 6C0479E327E81D2800C5E1BF /* PhotoAlbum.app */;
			productType = "com.apple.product-type.application";
		};
/* End PBXNativeTarget section */

/* Begin PBXProject section */
		6C0479DB27E81D2800C5E1BF /* Project object */ = {
			isa = PBXProject;
			attributes = {
				BuildIndependentTargetsInParallel = 1;
				LastSwiftUpdateCheck = 1330;
				LastUpgradeCheck = 1330;
				TargetAttributes = {
					6C0479E227E81D2800C5E1BF = {
						CreatedOnToolsVersion = 13.3;
					};
				};
			};
			buildConfigurationList = 6C0479DE27E81D2800C5E1BF /* Build configuration list for PBXProject "PhotoAlbum" */;
			compatibilityVersion = "Xcode 13.0";
			developmentRegion = en;
			hasScannedForEncodings = 0;
			knownRegions = (
				en,
				Base,
			);
			mainGroup = 6C0479DA27E81D2800C5E1BF;
			productRefGroup = 6C0479E427E81D2800C5E1BF /* Products */;
			projectDirPath = "";
			projectRoot = "";
			targets = (
				6C0479E227E81D2800C5E1BF /* PhotoAlbum */,
			);
		};
/* End PBXProject section */

/* Begin PBXResourcesBuildPhase section */
		6C0479E127E81D2800C5E1BF /* Resources */ = {
			isa = PBXResourcesBuildPhase;
			buildActionMask = 2147483647;
			files = (
				6C0479F327E81D2C00C5E1BF /* LaunchScreen.storyboard in Resources */,
				6C0479F027E81D2C00C5E1BF /* Assets.xcassets in Resources */,
				6C0479EE27E81D2800C5E1BF /* Main.storyboard in Resources */,
			);
			runOnlyForDeploymentPostprocessing = 0;
		};
/* End PBXResourcesBuildPhase section */

/* Begin PBXSourcesBuildPhase section */
		6C0479DF27E81D2800C5E1BF /* Sources */ = {
			isa = PBXSourcesBuildPhase;
			buildActionMask = 2147483647;
			files = (
				B3AEF1ED27E8A14200D279BC /* AlbumCollectionViewCell.swift in Sources */,
				6C0479EB27E81D2800C5E1BF /* ViewController.swift in Sources */,
				6C0479E727E81D2800C5E1BF /* AppDelegate.swift in Sources */,
				B3AEF1F527E8A99F00D279BC /* CellCollection.swift in Sources */,
				6CA30BEB27E8B873005068DB /* Converter.swift in Sources */,
				B3AEF1EF27E8A2F600D279BC /* ColorCell.swift in Sources */,
				6CA30BE227E8AF86005068DB /* CellFactory.swift in Sources */,
				B3AEF1F327E8A8DC00D279BC /* Cellable.swift in Sources */,
				6C0479E927E81D2800C5E1BF /* SceneDelegate.swift in Sources */,
				B3AEF1F127E8A36000D279BC /* Color.swift in Sources */,
			);
			runOnlyForDeploymentPostprocessing = 0;
		};
/* End PBXSourcesBuildPhase section */

/* Begin PBXVariantGroup section */
		6C0479EC27E81D2800C5E1BF /* Main.storyboard */ = {
			isa = PBXVariantGroup;
			children = (
				6C0479ED27E81D2800C5E1BF /* Base */,
			);
			name = Main.storyboard;
			sourceTree = "<group>";
		};
		6C0479F127E81D2C00C5E1BF /* LaunchScreen.storyboard */ = {
			isa = PBXVariantGroup;
			children = (
				6C0479F227E81D2C00C5E1BF /* Base */,
			);
			name = LaunchScreen.storyboard;
			sourceTree = "<group>";
		};
/* End PBXVariantGroup section */

/* Begin XCBuildConfiguration section */
		6C0479F527E81D2C00C5E1BF /* Debug */ = {
			isa = XCBuildConfiguration;
			buildSettings = {
				ALWAYS_SEARCH_USER_PATHS = NO;
				CLANG_ANALYZER_NONNULL = YES;
				CLANG_ANALYZER_NUMBER_OBJECT_CONVERSION = YES_AGGRESSIVE;
				CLANG_CXX_LANGUAGE_STANDARD = "gnu++17";
				CLANG_ENABLE_MODULES = YES;
				CLANG_ENABLE_OBJC_ARC = YES;
				CLANG_ENABLE_OBJC_WEAK = YES;
				CLANG_WARN_BLOCK_CAPTURE_AUTORELEASING = YES;
				CLANG_WARN_BOOL_CONVERSION = YES;
				CLANG_WARN_COMMA = YES;
				CLANG_WARN_CONSTANT_CONVERSION = YES;
				CLANG_WARN_DEPRECATED_OBJC_IMPLEMENTATIONS = YES;
				CLANG_WARN_DIRECT_OBJC_ISA_USAGE = YES_ERROR;
				CLANG_WARN_DOCUMENTATION_COMMENTS = YES;
				CLANG_WARN_EMPTY_BODY = YES;
				CLANG_WARN_ENUM_CONVERSION = YES;
				CLANG_WARN_INFINITE_RECURSION = YES;
				CLANG_WARN_INT_CONVERSION = YES;
				CLANG_WARN_NON_LITERAL_NULL_CONVERSION = YES;
				CLANG_WARN_OBJC_IMPLICIT_RETAIN_SELF = YES;
				CLANG_WARN_OBJC_LITERAL_CONVERSION = YES;
				CLANG_WARN_OBJC_ROOT_CLASS = YES_ERROR;
				CLANG_WARN_QUOTED_INCLUDE_IN_FRAMEWORK_HEADER = YES;
				CLANG_WARN_RANGE_LOOP_ANALYSIS = YES;
				CLANG_WARN_STRICT_PROTOTYPES = YES;
				CLANG_WARN_SUSPICIOUS_MOVE = YES;
				CLANG_WARN_UNGUARDED_AVAILABILITY = YES_AGGRESSIVE;
				CLANG_WARN_UNREACHABLE_CODE = YES;
				CLANG_WARN__DUPLICATE_METHOD_MATCH = YES;
				COPY_PHASE_STRIP = NO;
				DEBUG_INFORMATION_FORMAT = dwarf;
				ENABLE_STRICT_OBJC_MSGSEND = YES;
				ENABLE_TESTABILITY = YES;
				GCC_C_LANGUAGE_STANDARD = gnu11;
				GCC_DYNAMIC_NO_PIC = NO;
				GCC_NO_COMMON_BLOCKS = YES;
				GCC_OPTIMIZATION_LEVEL = 0;
				GCC_PREPROCESSOR_DEFINITIONS = (
					"DEBUG=1",
					"$(inherited)",
				);
				GCC_WARN_64_TO_32_BIT_CONVERSION = YES;
				GCC_WARN_ABOUT_RETURN_TYPE = YES_ERROR;
				GCC_WARN_UNDECLARED_SELECTOR = YES;
				GCC_WARN_UNINITIALIZED_AUTOS = YES_AGGRESSIVE;
				GCC_WARN_UNUSED_FUNCTION = YES;
				GCC_WARN_UNUSED_VARIABLE = YES;
				IPHONEOS_DEPLOYMENT_TARGET = 14.5;
				MTL_ENABLE_DEBUG_INFO = INCLUDE_SOURCE;
				MTL_FAST_MATH = YES;
				ONLY_ACTIVE_ARCH = YES;
				SDKROOT = iphoneos;
				SWIFT_ACTIVE_COMPILATION_CONDITIONS = DEBUG;
				SWIFT_OPTIMIZATION_LEVEL = "-Onone";
			};
			name = Debug;
		};
		6C0479F627E81D2C00C5E1BF /* Release */ = {
			isa = XCBuildConfiguration;
			buildSettings = {
				ALWAYS_SEARCH_USER_PATHS = NO;
				CLANG_ANALYZER_NONNULL = YES;
				CLANG_ANALYZER_NUMBER_OBJECT_CONVERSION = YES_AGGRESSIVE;
				CLANG_CXX_LANGUAGE_STANDARD = "gnu++17";
				CLANG_ENABLE_MODULES = YES;
				CLANG_ENABLE_OBJC_ARC = YES;
				CLANG_ENABLE_OBJC_WEAK = YES;
				CLANG_WARN_BLOCK_CAPTURE_AUTORELEASING = YES;
				CLANG_WARN_BOOL_CONVERSION = YES;
				CLANG_WARN_COMMA = YES;
				CLANG_WARN_CONSTANT_CONVERSION = YES;
				CLANG_WARN_DEPRECATED_OBJC_IMPLEMENTATIONS = YES;
				CLANG_WARN_DIRECT_OBJC_ISA_USAGE = YES_ERROR;
				CLANG_WARN_DOCUMENTATION_COMMENTS = YES;
				CLANG_WARN_EMPTY_BODY = YES;
				CLANG_WARN_ENUM_CONVERSION = YES;
				CLANG_WARN_INFINITE_RECURSION = YES;
				CLANG_WARN_INT_CONVERSION = YES;
				CLANG_WARN_NON_LITERAL_NULL_CONVERSION = YES;
				CLANG_WARN_OBJC_IMPLICIT_RETAIN_SELF = YES;
				CLANG_WARN_OBJC_LITERAL_CONVERSION = YES;
				CLANG_WARN_OBJC_ROOT_CLASS = YES_ERROR;
				CLANG_WARN_QUOTED_INCLUDE_IN_FRAMEWORK_HEADER = YES;
				CLANG_WARN_RANGE_LOOP_ANALYSIS = YES;
				CLANG_WARN_STRICT_PROTOTYPES = YES;
				CLANG_WARN_SUSPICIOUS_MOVE = YES;
				CLANG_WARN_UNGUARDED_AVAILABILITY = YES_AGGRESSIVE;
				CLANG_WARN_UNREACHABLE_CODE = YES;
				CLANG_WARN__DUPLICATE_METHOD_MATCH = YES;
				COPY_PHASE_STRIP = NO;
				DEBUG_INFORMATION_FORMAT = "dwarf-with-dsym";
				ENABLE_NS_ASSERTIONS = NO;
				ENABLE_STRICT_OBJC_MSGSEND = YES;
				GCC_C_LANGUAGE_STANDARD = gnu11;
				GCC_NO_COMMON_BLOCKS = YES;
				GCC_WARN_64_TO_32_BIT_CONVERSION = YES;
				GCC_WARN_ABOUT_RETURN_TYPE = YES_ERROR;
				GCC_WARN_UNDECLARED_SELECTOR = YES;
				GCC_WARN_UNINITIALIZED_AUTOS = YES_AGGRESSIVE;
				GCC_WARN_UNUSED_FUNCTION = YES;
				GCC_WARN_UNUSED_VARIABLE = YES;
				IPHONEOS_DEPLOYMENT_TARGET = 14.5;
				MTL_ENABLE_DEBUG_INFO = NO;
				MTL_FAST_MATH = YES;
				SDKROOT = iphoneos;
				SWIFT_COMPILATION_MODE = wholemodule;
				SWIFT_OPTIMIZATION_LEVEL = "-O";
				VALIDATE_PRODUCT = YES;
			};
			name = Release;
		};
		6C0479F827E81D2C00C5E1BF /* Debug */ = {
			isa = XCBuildConfiguration;
			buildSettings = {
				ASSETCATALOG_COMPILER_APPICON_NAME = AppIcon;
				ASSETCATALOG_COMPILER_GLOBAL_ACCENT_COLOR_NAME = AccentColor;
				CODE_SIGN_STYLE = Automatic;
				CURRENT_PROJECT_VERSION = 1;
				DEVELOPMENT_TEAM = 8ZQU3Y88G8;
				GENERATE_INFOPLIST_FILE = YES;
				INFOPLIST_FILE = PhotoAlbum/Info.plist;
				INFOPLIST_KEY_UIApplicationSupportsIndirectInputEvents = YES;
				INFOPLIST_KEY_UILaunchStoryboardName = LaunchScreen;
				INFOPLIST_KEY_UIMainStoryboardFile = Main;
				INFOPLIST_KEY_UISupportedInterfaceOrientations_iPad = "UIInterfaceOrientationPortrait UIInterfaceOrientationPortraitUpsideDown UIInterfaceOrientationLandscapeLeft UIInterfaceOrientationLandscapeRight";
				INFOPLIST_KEY_UISupportedInterfaceOrientations_iPhone = "UIInterfaceOrientationPortrait UIInterfaceOrientationLandscapeLeft UIInterfaceOrientationLandscapeRight";
				LD_RUNPATH_SEARCH_PATHS = (
					"$(inherited)",
					"@executable_path/Frameworks",
				);
				MARKETING_VERSION = 1.0;
				PRODUCT_BUNDLE_IDENTIFIER = dale.PhotoAlbum;
				PRODUCT_NAME = "$(TARGET_NAME)";
				SWIFT_EMIT_LOC_STRINGS = YES;
				SWIFT_VERSION = 5.0;
				TARGETED_DEVICE_FAMILY = "1,2";
			};
			name = Debug;
		};
		6C0479F927E81D2C00C5E1BF /* Release */ = {
			isa = XCBuildConfiguration;
			buildSettings = {
				ASSETCATALOG_COMPILER_APPICON_NAME = AppIcon;
				ASSETCATALOG_COMPILER_GLOBAL_ACCENT_COLOR_NAME = AccentColor;
				CODE_SIGN_STYLE = Automatic;
				CURRENT_PROJECT_VERSION = 1;
				DEVELOPMENT_TEAM = 8ZQU3Y88G8;
				GENERATE_INFOPLIST_FILE = YES;
				INFOPLIST_FILE = PhotoAlbum/Info.plist;
				INFOPLIST_KEY_UIApplicationSupportsIndirectInputEvents = YES;
				INFOPLIST_KEY_UILaunchStoryboardName = LaunchScreen;
				INFOPLIST_KEY_UIMainStoryboardFile = Main;
				INFOPLIST_KEY_UISupportedInterfaceOrientations_iPad = "UIInterfaceOrientationPortrait UIInterfaceOrientationPortraitUpsideDown UIInterfaceOrientationLandscapeLeft UIInterfaceOrientationLandscapeRight";
				INFOPLIST_KEY_UISupportedInterfaceOrientations_iPhone = "UIInterfaceOrientationPortrait UIInterfaceOrientationLandscapeLeft UIInterfaceOrientationLandscapeRight";
				LD_RUNPATH_SEARCH_PATHS = (
					"$(inherited)",
					"@executable_path/Frameworks",
				);
				MARKETING_VERSION = 1.0;
				PRODUCT_BUNDLE_IDENTIFIER = dale.PhotoAlbum;
				PRODUCT_NAME = "$(TARGET_NAME)";
				SWIFT_EMIT_LOC_STRINGS = YES;
				SWIFT_VERSION = 5.0;
				TARGETED_DEVICE_FAMILY = "1,2";
			};
			name = Release;
		};
/* End XCBuildConfiguration section */

/* Begin XCConfigurationList section */
		6C0479DE27E81D2800C5E1BF /* Build configuration list for PBXProject "PhotoAlbum" */ = {
			isa = XCConfigurationList;
			buildConfigurations = (
				6C0479F527E81D2C00C5E1BF /* Debug */,
				6C0479F627E81D2C00C5E1BF /* Release */,
			);
			defaultConfigurationIsVisible = 0;
			defaultConfigurationName = Release;
		};
		6C0479F727E81D2C00C5E1BF /* Build configuration list for PBXNativeTarget "PhotoAlbum" */ = {
			isa = XCConfigurationList;
			buildConfigurations = (
				6C0479F827E81D2C00C5E1BF /* Debug */,
				6C0479F927E81D2C00C5E1BF /* Release */,
			);
			defaultConfigurationIsVisible = 0;
			defaultConfigurationName = Release;
		};
/* End XCConfigurationList section */
	};
	rootObject = 6C0479DB27E81D2800C5E1BF /* Project object */;
}
